
Microsoft Visual Studio Solution File, Format Version 12.00
# Visual Studio 15
VisualStudioVersion = 15.0.28010.2046
MinimumVisualStudioVersion = 10.0.40219.1
Project("{FAE04EC0-301F-11D3-BF4B-00C04F79EFBC}") = "homework7", "homework7\homework7.csproj", "{B1BA70B2-06CD-40AE-9513-BC5E5CCC96EE}"
EndProject
Project("{FAE04EC0-301F-11D3-BF4B-00C04F79EFBC}") = "orderProgram", "orderProgram\orderProgram.csproj", "{4F6B4D3A-6621-4ED7-A7F5-9E13E929B4C0}"
EndProject
Global
	GlobalSection(SolutionConfigurationPlatforms) = preSolution
		Debug|Any CPU = Debug|Any CPU
		Release|Any CPU = Release|Any CPU
	EndGlobalSection
	GlobalSection(ProjectConfigurationPlatforms) = postSolution
		{B1BA70B2-06CD-40AE-9513-BC5E5CCC96EE}.Debug|Any CPU.ActiveCfg = Debug|Any CPU
		{B1BA70B2-06CD-40AE-9513-BC5E5CCC96EE}.Debug|Any CPU.Build.0 = Debug|Any CPU
		{B1BA70B2-06CD-40AE-9513-BC5E5CCC96EE}.Release|Any CPU.ActiveCfg = Release|Any CPU
		{B1BA70B2-06CD-40AE-9513-BC5E5CCC96EE}.Release|Any CPU.Build.0 = Release|Any CPU
		{4F6B4D3A-6621-4ED7-A7F5-9E13E929B4C0}.Debug|Any CPU.ActiveCfg = Debug|Any CPU
		{4F6B4D3A-6621-4ED7-A7F5-9E13E929B4C0}.Debug|Any CPU.Build.0 = Debug|Any CPU
		{4F6B4D3A-6621-4ED7-A7F5-9E13E929B4C0}.Release|Any CPU.ActiveCfg = Release|Any CPU
		{4F6B4D3A-6621-4ED7-A7F5-9E13E929B4C0}.Release|Any CPU.Build.0 = Release|Any CPU
	EndGlobalSection
	GlobalSection(SolutionProperties) = preSolution
		HideSolutionNode = FALSE
	EndGlobalSection
	GlobalSection(ExtensibilityGlobals) = postSolution
		SolutionGuid = {D50AFF00-BFA1-4637-953B-3F4B0263B0DF}
	EndGlobalSection
EndGlobal
