
Microsoft Visual Studio Solution File, Format Version 12.00
# Visual Studio 15
VisualStudioVersion = 15.0.28010.2046
MinimumVisualStudioVersion = 10.0.40219.1
Project("{FAE04EC0-301F-11D3-BF4B-00C04F79EFBC}") = "homework6", "homework6\homework6.csproj", "{0BCD28BA-7FEA-418C-9B44-4EFC6888CF66}"
EndProject
Project("{FAE04EC0-301F-11D3-BF4B-00C04F79EFBC}") = "UnitTestProject1", "UnitTestProject1\UnitTestProject1.csproj", "{747F793D-4AF1-48A0-A342-3EFBD194AC55}"
EndProject
Global
	GlobalSection(SolutionConfigurationPlatforms) = preSolution
		Debug|Any CPU = Debug|Any CPU
		Release|Any CPU = Release|Any CPU
	EndGlobalSection
	GlobalSection(ProjectConfigurationPlatforms) = postSolution
		{0BCD28BA-7FEA-418C-9B44-4EFC6888CF66}.Debug|Any CPU.ActiveCfg = Debug|Any CPU
		{0BCD28BA-7FEA-418C-9B44-4EFC6888CF66}.Debug|Any CPU.Build.0 = Debug|Any CPU
		{0BCD28BA-7FEA-418C-9B44-4EFC6888CF66}.Release|Any CPU.ActiveCfg = Release|Any CPU
		{0BCD28BA-7FEA-418C-9B44-4EFC6888CF66}.Release|Any CPU.Build.0 = Release|Any CPU
		{747F793D-4AF1-48A0-A342-3EFBD194AC55}.Debug|Any CPU.ActiveCfg = Debug|Any CPU
		{747F793D-4AF1-48A0-A342-3EFBD194AC55}.Debug|Any CPU.Build.0 = Debug|Any CPU
		{747F793D-4AF1-48A0-A342-3EFBD194AC55}.Release|Any CPU.ActiveCfg = Release|Any CPU
		{747F793D-4AF1-48A0-A342-3EFBD194AC55}.Release|Any CPU.Build.0 = Release|Any CPU
	EndGlobalSection
	GlobalSection(SolutionProperties) = preSolution
		HideSolutionNode = FALSE
	EndGlobalSection
	GlobalSection(ExtensibilityGlobals) = postSolution
		SolutionGuid = {BB2D07AF-622C-44D2-9535-06BDF8D8718B}
	EndGlobalSection
EndGlobal
